
Microsoft Visual Studio Solution File, Format Version 12.00
# Visual Studio 15
VisualStudioVersion = 15.0.28010.2041
MinimumVisualStudioVersion = 10.0.40219.1
Project("{9A19103F-16F7-4668-BE54-9A1E7A4F7556}") = "CodiJobServices", "CodiJobServices\CodiJobServices.csproj", "{FD8E138F-9501-4B5A-9119-5ADD06C1F42C}"
EndProject
Project("{FAE04EC0-301F-11D3-BF4B-00C04F79EFBC}") = "Application", "Application\Application.csproj", "{69B130C9-8DA6-4753-872A-12A6D7D4B1E9}"
EndProject
Project("{FAE04EC0-301F-11D3-BF4B-00C04F79EFBC}") = "Domain", "Domain\Domain.csproj", "{2B1C715E-16CC-47DE-BFB8-FF16902EBC4E}"
EndProject
Global
	GlobalSection(SolutionConfigurationPlatforms) = preSolution
		Debug|Any CPU = Debug|Any CPU
		Release|Any CPU = Release|Any CPU
	EndGlobalSection
	GlobalSection(ProjectConfigurationPlatforms) = postSolution
		{FD8E138F-9501-4B5A-9119-5ADD06C1F42C}.Debug|Any CPU.ActiveCfg = Debug|Any CPU
		{FD8E138F-9501-4B5A-9119-5ADD06C1F42C}.Debug|Any CPU.Build.0 = Debug|Any CPU
		{FD8E138F-9501-4B5A-9119-5ADD06C1F42C}.Release|Any CPU.ActiveCfg = Release|Any CPU
		{FD8E138F-9501-4B5A-9119-5ADD06C1F42C}.Release|Any CPU.Build.0 = Release|Any CPU
		{69B130C9-8DA6-4753-872A-12A6D7D4B1E9}.Debug|Any CPU.ActiveCfg = Debug|Any CPU
		{69B130C9-8DA6-4753-872A-12A6D7D4B1E9}.Debug|Any CPU.Build.0 = Debug|Any CPU
		{69B130C9-8DA6-4753-872A-12A6D7D4B1E9}.Release|Any CPU.ActiveCfg = Release|Any CPU
		{69B130C9-8DA6-4753-872A-12A6D7D4B1E9}.Release|Any CPU.Build.0 = Release|Any CPU
		{2B1C715E-16CC-47DE-BFB8-FF16902EBC4E}.Debug|Any CPU.ActiveCfg = Debug|Any CPU
		{2B1C715E-16CC-47DE-BFB8-FF16902EBC4E}.Debug|Any CPU.Build.0 = Debug|Any CPU
		{2B1C715E-16CC-47DE-BFB8-FF16902EBC4E}.Release|Any CPU.ActiveCfg = Release|Any CPU
		{2B1C715E-16CC-47DE-BFB8-FF16902EBC4E}.Release|Any CPU.Build.0 = Release|Any CPU
	EndGlobalSection
	GlobalSection(SolutionProperties) = preSolution
		HideSolutionNode = FALSE
	EndGlobalSection
	GlobalSection(ExtensibilityGlobals) = postSolution
		SolutionGuid = {222B9884-ABD8-4DA5-AEB0-4882B4A552E8}
	EndGlobalSection
EndGlobal
